
Microsoft Visual Studio Solution File, Format Version 12.00
# Visual Studio 15
VisualStudioVersion = 15.0.28307.572
MinimumVisualStudioVersion = 10.0.40219.1
Project("{FAE04EC0-301F-11D3-BF4B-00C04F79EFBC}") = "KellerProtocolUwpDemo", ".\KellerProtocolUwpDemo\KellerProtocolUwpDemo.csproj", "{A74AFF76-E851-447B-A2DA-02386448E8A5}"
EndProject
Project("{9A19103F-16F7-4668-BE54-9A1E7A4F7556}") = "KellerProtocol", ".\KellerProtocol\KellerProtocol.csproj", "{E9B66EDA-8BF1-4745-B578-F3CBAA789C9C}"
EndProject
Project("{FAE04EC0-301F-11D3-BF4B-00C04F79EFBC}") = "KellerProtocolWpfDemo", ".\KellerProtocolWpfDemo\KellerProtocolWpfDemo.csproj", "{05C7DB00-B4CB-4A19-BC61-B7D6D97764E9}"
EndProject
Global
	GlobalSection(SolutionConfigurationPlatforms) = preSolution
		Debug|Any CPU = Debug|Any CPU
		Debug|ARM = Debug|ARM
		Debug|ARM64 = Debug|ARM64
		Debug|x64 = Debug|x64
		Debug|x86 = Debug|x86
		Release|Any CPU = Release|Any CPU
		Release|ARM = Release|ARM
		Release|ARM64 = Release|ARM64
		Release|x64 = Release|x64
		Release|x86 = Release|x86
	EndGlobalSection
	GlobalSection(ProjectConfigurationPlatforms) = postSolution
		{A74AFF76-E851-447B-A2DA-02386448E8A5}.Debug|Any CPU.ActiveCfg = Debug|x86
		{A74AFF76-E851-447B-A2DA-02386448E8A5}.Debug|ARM.ActiveCfg = Debug|ARM
		{A74AFF76-E851-447B-A2DA-02386448E8A5}.Debug|ARM.Build.0 = Debug|ARM
		{A74AFF76-E851-447B-A2DA-02386448E8A5}.Debug|ARM.Deploy.0 = Debug|ARM
		{A74AFF76-E851-447B-A2DA-02386448E8A5}.Debug|ARM64.ActiveCfg = Debug|x86
		{A74AFF76-E851-447B-A2DA-02386448E8A5}.Debug|x64.ActiveCfg = Debug|x64
		{A74AFF76-E851-447B-A2DA-02386448E8A5}.Debug|x64.Build.0 = Debug|x64
		{A74AFF76-E851-447B-A2DA-02386448E8A5}.Debug|x64.Deploy.0 = Debug|x64
		{A74AFF76-E851-447B-A2DA-02386448E8A5}.Debug|x86.ActiveCfg = Debug|x86
		{A74AFF76-E851-447B-A2DA-02386448E8A5}.Debug|x86.Build.0 = Debug|x86
		{A74AFF76-E851-447B-A2DA-02386448E8A5}.Debug|x86.Deploy.0 = Debug|x86
		{A74AFF76-E851-447B-A2DA-02386448E8A5}.Release|Any CPU.ActiveCfg = Release|x86
		{A74AFF76-E851-447B-A2DA-02386448E8A5}.Release|ARM.ActiveCfg = Release|ARM
		{A74AFF76-E851-447B-A2DA-02386448E8A5}.Release|ARM.Build.0 = Release|ARM
		{A74AFF76-E851-447B-A2DA-02386448E8A5}.Release|ARM.Deploy.0 = Release|ARM
		{A74AFF76-E851-447B-A2DA-02386448E8A5}.Release|ARM64.ActiveCfg = Release|x86
		{A74AFF76-E851-447B-A2DA-02386448E8A5}.Release|x64.ActiveCfg = Release|x64
		{A74AFF76-E851-447B-A2DA-02386448E8A5}.Release|x64.Build.0 = Release|x64
		{A74AFF76-E851-447B-A2DA-02386448E8A5}.Release|x64.Deploy.0 = Release|x64
		{A74AFF76-E851-447B-A2DA-02386448E8A5}.Release|x86.ActiveCfg = Release|x86
		{A74AFF76-E851-447B-A2DA-02386448E8A5}.Release|x86.Build.0 = Release|x86
		{A74AFF76-E851-447B-A2DA-02386448E8A5}.Release|x86.Deploy.0 = Release|x86
		{E9B66EDA-8BF1-4745-B578-F3CBAA789C9C}.Debug|Any CPU.ActiveCfg = Debug|Any CPU
		{E9B66EDA-8BF1-4745-B578-F3CBAA789C9C}.Debug|Any CPU.Build.0 = Debug|Any CPU
		{E9B66EDA-8BF1-4745-B578-F3CBAA789C9C}.Debug|ARM.ActiveCfg = Debug|Any CPU
		{E9B66EDA-8BF1-4745-B578-F3CBAA789C9C}.Debug|ARM.Build.0 = Debug|Any CPU
		{E9B66EDA-8BF1-4745-B578-F3CBAA789C9C}.Debug|ARM64.ActiveCfg = Debug|Any CPU
		{E9B66EDA-8BF1-4745-B578-F3CBAA789C9C}.Debug|ARM64.Build.0 = Debug|Any CPU
		{E9B66EDA-8BF1-4745-B578-F3CBAA789C9C}.Debug|x64.ActiveCfg = Debug|Any CPU
		{E9B66EDA-8BF1-4745-B578-F3CBAA789C9C}.Debug|x64.Build.0 = Debug|Any CPU
		{E9B66EDA-8BF1-4745-B578-F3CBAA789C9C}.Debug|x86.ActiveCfg = Debug|Any CPU
		{E9B66EDA-8BF1-4745-B578-F3CBAA789C9C}.Debug|x86.Build.0 = Debug|Any CPU
		{E9B66EDA-8BF1-4745-B578-F3CBAA789C9C}.Release|Any CPU.ActiveCfg = Release|Any CPU
		{E9B66EDA-8BF1-4745-B578-F3CBAA789C9C}.Release|Any CPU.Build.0 = Release|Any CPU
		{E9B66EDA-8BF1-4745-B578-F3CBAA789C9C}.Release|ARM.ActiveCfg = Release|Any CPU
		{E9B66EDA-8BF1-4745-B578-F3CBAA789C9C}.Release|ARM.Build.0 = Release|Any CPU
		{E9B66EDA-8BF1-4745-B578-F3CBAA789C9C}.Release|ARM64.ActiveCfg = Release|Any CPU
		{E9B66EDA-8BF1-4745-B578-F3CBAA789C9C}.Release|ARM64.Build.0 = Release|Any CPU
		{E9B66EDA-8BF1-4745-B578-F3CBAA789C9C}.Release|x64.ActiveCfg = Release|Any CPU
		{E9B66EDA-8BF1-4745-B578-F3CBAA789C9C}.Release|x64.Build.0 = Release|Any CPU
		{E9B66EDA-8BF1-4745-B578-F3CBAA789C9C}.Release|x86.ActiveCfg = Release|Any CPU
		{E9B66EDA-8BF1-4745-B578-F3CBAA789C9C}.Release|x86.Build.0 = Release|Any CPU
		{05C7DB00-B4CB-4A19-BC61-B7D6D97764E9}.Debug|Any CPU.ActiveCfg = Debug|Any CPU
		{05C7DB00-B4CB-4A19-BC61-B7D6D97764E9}.Debug|Any CPU.Build.0 = Debug|Any CPU
		{05C7DB00-B4CB-4A19-BC61-B7D6D97764E9}.Debug|ARM.ActiveCfg = Debug|Any CPU
		{05C7DB00-B4CB-4A19-BC61-B7D6D97764E9}.Debug|ARM.Build.0 = Debug|Any CPU
		{05C7DB00-B4CB-4A19-BC61-B7D6D97764E9}.Debug|ARM64.ActiveCfg = Debug|Any CPU
		{05C7DB00-B4CB-4A19-BC61-B7D6D97764E9}.Debug|ARM64.Build.0 = Debug|Any CPU
		{05C7DB00-B4CB-4A19-BC61-B7D6D97764E9}.Debug|x64.ActiveCfg = Debug|Any CPU
		{05C7DB00-B4CB-4A19-BC61-B7D6D97764E9}.Debug|x64.Build.0 = Debug|Any CPU
		{05C7DB00-B4CB-4A19-BC61-B7D6D97764E9}.Debug|x86.ActiveCfg = Debug|Any CPU
		{05C7DB00-B4CB-4A19-BC61-B7D6D97764E9}.Debug|x86.Build.0 = Debug|Any CPU
		{05C7DB00-B4CB-4A19-BC61-B7D6D97764E9}.Release|Any CPU.ActiveCfg = Release|Any CPU
		{05C7DB00-B4CB-4A19-BC61-B7D6D97764E9}.Release|Any CPU.Build.0 = Release|Any CPU
		{05C7DB00-B4CB-4A19-BC61-B7D6D97764E9}.Release|ARM.ActiveCfg = Release|Any CPU
		{05C7DB00-B4CB-4A19-BC61-B7D6D97764E9}.Release|ARM.Build.0 = Release|Any CPU
		{05C7DB00-B4CB-4A19-BC61-B7D6D97764E9}.Release|ARM64.ActiveCfg = Release|Any CPU
		{05C7DB00-B4CB-4A19-BC61-B7D6D97764E9}.Release|ARM64.Build.0 = Release|Any CPU
		{05C7DB00-B4CB-4A19-BC61-B7D6D97764E9}.Release|x64.ActiveCfg = Release|Any CPU
		{05C7DB00-B4CB-4A19-BC61-B7D6D97764E9}.Release|x64.Build.0 = Release|Any CPU
		{05C7DB00-B4CB-4A19-BC61-B7D6D97764E9}.Release|x86.ActiveCfg = Release|Any CPU
		{05C7DB00-B4CB-4A19-BC61-B7D6D97764E9}.Release|x86.Build.0 = Release|Any CPU
	EndGlobalSection
	GlobalSection(SolutionProperties) = preSolution
		HideSolutionNode = FALSE
	EndGlobalSection
	GlobalSection(ExtensibilityGlobals) = postSolution
		SolutionGuid = {D5E1D9CA-DAD4-4B02-B006-7AE91FB8F0E4}
	EndGlobalSection
EndGlobal
